
Microsoft Visual Studio Solution File, Format Version 12.00
# Visual Studio Version 16
VisualStudioVersion = 16.0.29411.108
MinimumVisualStudioVersion = 10.0.40219.1
Project("{FAE04EC0-301F-11D3-BF4B-00C04F79EFBC}") = "MeshGrowth", "MeshGrowth.csproj", "{896D665C-55F7-4C30-B2BB-3496716C3535}"
EndProject
Global
	GlobalSection(SolutionConfigurationPlatforms) = preSolution
		Debug|Any CPU = Debug|Any CPU
		Release|Any CPU = Release|Any CPU
	EndGlobalSection
	GlobalSection(ProjectConfigurationPlatforms) = postSolution
		{896D665C-55F7-4C30-B2BB-3496716C3535}.Debug|Any CPU.ActiveCfg = Debug|Any CPU
		{896D665C-55F7-4C30-B2BB-3496716C3535}.Debug|Any CPU.Build.0 = Debug|Any CPU
		{896D665C-55F7-4C30-B2BB-3496716C3535}.Release|Any CPU.ActiveCfg = Release|Any CPU
		{896D665C-55F7-4C30-B2BB-3496716C3535}.Release|Any CPU.Build.0 = Release|Any CPU
	EndGlobalSection
	GlobalSection(SolutionProperties) = preSolution
		HideSolutionNode = FALSE
	EndGlobalSection
	GlobalSection(ExtensibilityGlobals) = postSolution
		SolutionGuid = {D41B73CE-C28A-4FAF-A231-A2DDD09C212F}
	EndGlobalSection
EndGlobal
